
Microsoft Visual Studio Solution File, Format Version 12.00
# Visual Studio Version 16
VisualStudioVersion = 16.0.31105.61
MinimumVisualStudioVersion = 10.0.40219.1
Project("{2150E333-8FDC-42A3-9474-1A3956D46DE8}") = "APIs", "APIs", "{B4CE6754-ADCF-45EA-9D97-7DB416964B3B}"
EndProject
Project("{2150E333-8FDC-42A3-9474-1A3956D46DE8}") = "ClientApps", "ClientApps", "{281E10BB-6C6F-4C1B-BEF4-BB1D4CB52874}"
EndProject
Project("{2150E333-8FDC-42A3-9474-1A3956D46DE8}") = "Common", "Common", "{427A32B1-533F-4885-A24D-5A2C04FEFDAD}"
EndProject
Project("{FAE04EC0-301F-11D3-BF4B-00C04F79EFBC}") = "App.WebForms", "ClientApps\App.WebForms\App.WebForms.csproj", "{80A7B524-07C3-43FB-9F88-B3783D556E81}"
EndProject
Project("{9A19103F-16F7-4668-BE54-9A1E7A4F7556}") = "Mock.Model", "APIs\Mock.Model\Mock.Model.csproj", "{D4073090-234E-466A-A56D-FC8EF1C7B8E1}"
EndProject
Project("{9A19103F-16F7-4668-BE54-9A1E7A4F7556}") = "Mock.Data", "APIs\Mock.Data\Mock.Data.csproj", "{BB702939-C030-4E56-97B9-8FDE516C0671}"
EndProject
Project("{9A19103F-16F7-4668-BE54-9A1E7A4F7556}") = "Mock.Services", "APIs\Mock.Services\Mock.Services.csproj", "{32424CF0-B1BA-462A-AD06-6372511787B9}"
EndProject
Project("{9A19103F-16F7-4668-BE54-9A1E7A4F7556}") = "Mock.API", "APIs\Mock.API\Mock.API.csproj", "{9E363B15-AE24-4DD2-A69A-DAB930DB029F}"
EndProject
Project("{FAE04EC0-301F-11D3-BF4B-00C04F79EFBC}") = "Application.Common", "Common\Application.Common\Application.Common.csproj", "{FA748654-F44E-4485-B216-B3771379E205}"
EndProject
Project("{FAE04EC0-301F-11D3-BF4B-00C04F79EFBC}") = "WebForms.Services", "WebForms.Services\WebForms.Services.csproj", "{CDFB7044-1BC1-48A8-9888-3A30B16CA96B}"
EndProject
Global
	GlobalSection(SolutionConfigurationPlatforms) = preSolution
		Debug|Any CPU = Debug|Any CPU
		Release|Any CPU = Release|Any CPU
	EndGlobalSection
	GlobalSection(ProjectConfigurationPlatforms) = postSolution
		{80A7B524-07C3-43FB-9F88-B3783D556E81}.Debug|Any CPU.ActiveCfg = Debug|Any CPU
		{80A7B524-07C3-43FB-9F88-B3783D556E81}.Debug|Any CPU.Build.0 = Debug|Any CPU
		{80A7B524-07C3-43FB-9F88-B3783D556E81}.Release|Any CPU.ActiveCfg = Release|Any CPU
		{80A7B524-07C3-43FB-9F88-B3783D556E81}.Release|Any CPU.Build.0 = Release|Any CPU
		{D4073090-234E-466A-A56D-FC8EF1C7B8E1}.Debug|Any CPU.ActiveCfg = Debug|Any CPU
		{D4073090-234E-466A-A56D-FC8EF1C7B8E1}.Debug|Any CPU.Build.0 = Debug|Any CPU
		{D4073090-234E-466A-A56D-FC8EF1C7B8E1}.Release|Any CPU.ActiveCfg = Release|Any CPU
		{D4073090-234E-466A-A56D-FC8EF1C7B8E1}.Release|Any CPU.Build.0 = Release|Any CPU
		{BB702939-C030-4E56-97B9-8FDE516C0671}.Debug|Any CPU.ActiveCfg = Debug|Any CPU
		{BB702939-C030-4E56-97B9-8FDE516C0671}.Debug|Any CPU.Build.0 = Debug|Any CPU
		{BB702939-C030-4E56-97B9-8FDE516C0671}.Release|Any CPU.ActiveCfg = Release|Any CPU
		{BB702939-C030-4E56-97B9-8FDE516C0671}.Release|Any CPU.Build.0 = Release|Any CPU
		{32424CF0-B1BA-462A-AD06-6372511787B9}.Debug|Any CPU.ActiveCfg = Debug|Any CPU
		{32424CF0-B1BA-462A-AD06-6372511787B9}.Debug|Any CPU.Build.0 = Debug|Any CPU
		{32424CF0-B1BA-462A-AD06-6372511787B9}.Release|Any CPU.ActiveCfg = Release|Any CPU
		{32424CF0-B1BA-462A-AD06-6372511787B9}.Release|Any CPU.Build.0 = Release|Any CPU
		{9E363B15-AE24-4DD2-A69A-DAB930DB029F}.Debug|Any CPU.ActiveCfg = Debug|Any CPU
		{9E363B15-AE24-4DD2-A69A-DAB930DB029F}.Debug|Any CPU.Build.0 = Debug|Any CPU
		{9E363B15-AE24-4DD2-A69A-DAB930DB029F}.Release|Any CPU.ActiveCfg = Release|Any CPU
		{9E363B15-AE24-4DD2-A69A-DAB930DB029F}.Release|Any CPU.Build.0 = Release|Any CPU
		{FA748654-F44E-4485-B216-B3771379E205}.Debug|Any CPU.ActiveCfg = Debug|Any CPU
		{FA748654-F44E-4485-B216-B3771379E205}.Debug|Any CPU.Build.0 = Debug|Any CPU
		{FA748654-F44E-4485-B216-B3771379E205}.Release|Any CPU.ActiveCfg = Release|Any CPU
		{FA748654-F44E-4485-B216-B3771379E205}.Release|Any CPU.Build.0 = Release|Any CPU
		{CDFB7044-1BC1-48A8-9888-3A30B16CA96B}.Debug|Any CPU.ActiveCfg = Debug|Any CPU
		{CDFB7044-1BC1-48A8-9888-3A30B16CA96B}.Debug|Any CPU.Build.0 = Debug|Any CPU
		{CDFB7044-1BC1-48A8-9888-3A30B16CA96B}.Release|Any CPU.ActiveCfg = Release|Any CPU
		{CDFB7044-1BC1-48A8-9888-3A30B16CA96B}.Release|Any CPU.Build.0 = Release|Any CPU
	EndGlobalSection
	GlobalSection(SolutionProperties) = preSolution
		HideSolutionNode = FALSE
	EndGlobalSection
	GlobalSection(NestedProjects) = preSolution
		{80A7B524-07C3-43FB-9F88-B3783D556E81} = {281E10BB-6C6F-4C1B-BEF4-BB1D4CB52874}
		{D4073090-234E-466A-A56D-FC8EF1C7B8E1} = {B4CE6754-ADCF-45EA-9D97-7DB416964B3B}
		{BB702939-C030-4E56-97B9-8FDE516C0671} = {B4CE6754-ADCF-45EA-9D97-7DB416964B3B}
		{32424CF0-B1BA-462A-AD06-6372511787B9} = {B4CE6754-ADCF-45EA-9D97-7DB416964B3B}
		{9E363B15-AE24-4DD2-A69A-DAB930DB029F} = {B4CE6754-ADCF-45EA-9D97-7DB416964B3B}
		{FA748654-F44E-4485-B216-B3771379E205} = {427A32B1-533F-4885-A24D-5A2C04FEFDAD}
		{CDFB7044-1BC1-48A8-9888-3A30B16CA96B} = {281E10BB-6C6F-4C1B-BEF4-BB1D4CB52874}
	EndGlobalSection
	GlobalSection(ExtensibilityGlobals) = postSolution
		SolutionGuid = {E65111E5-C594-42FC-9DAF-5DE7C4FAC897}
	EndGlobalSection
EndGlobal
